
Microsoft Visual Studio Solution File, Format Version 12.00
# Visual Studio Version 17
VisualStudioVersion = 17.9.34714.143
MinimumVisualStudioVersion = 10.0.40219.1
Project("{9A19103F-16F7-4668-BE54-9A1E7A4F7556}") = "SignalR", "SignalR\SignalR.csproj", "{42DF0B81-3F30-434B-AE4B-9A5329420425}"
EndProject
Project("{9A19103F-16F7-4668-BE54-9A1E7A4F7556}") = "SignalR.Client", "SignalR.Client\SignalR.Client.csproj", "{C1FF3141-EB61-4383-BF63-F0840575C144}"
EndProject
Project("{9A19103F-16F7-4668-BE54-9A1E7A4F7556}") = "BlazorTicTacToe.Shared", "BlazorTicTacToe.Shared\BlazorTicTacToe.Shared.csproj", "{7A6751F8-FFAC-4655-9DBF-15F337479556}"
EndProject
Global
	GlobalSection(SolutionConfigurationPlatforms) = preSolution
		Debug|Any CPU = Debug|Any CPU
		Release|Any CPU = Release|Any CPU
	EndGlobalSection
	GlobalSection(ProjectConfigurationPlatforms) = postSolution
		{42DF0B81-3F30-434B-AE4B-9A5329420425}.Debug|Any CPU.ActiveCfg = Debug|Any CPU
		{42DF0B81-3F30-434B-AE4B-9A5329420425}.Debug|Any CPU.Build.0 = Debug|Any CPU
		{42DF0B81-3F30-434B-AE4B-9A5329420425}.Release|Any CPU.ActiveCfg = Release|Any CPU
		{42DF0B81-3F30-434B-AE4B-9A5329420425}.Release|Any CPU.Build.0 = Release|Any CPU
		{C1FF3141-EB61-4383-BF63-F0840575C144}.Debug|Any CPU.ActiveCfg = Debug|Any CPU
		{C1FF3141-EB61-4383-BF63-F0840575C144}.Debug|Any CPU.Build.0 = Debug|Any CPU
		{C1FF3141-EB61-4383-BF63-F0840575C144}.Release|Any CPU.ActiveCfg = Release|Any CPU
		{C1FF3141-EB61-4383-BF63-F0840575C144}.Release|Any CPU.Build.0 = Release|Any CPU
		{7A6751F8-FFAC-4655-9DBF-15F337479556}.Debug|Any CPU.ActiveCfg = Debug|Any CPU
		{7A6751F8-FFAC-4655-9DBF-15F337479556}.Debug|Any CPU.Build.0 = Debug|Any CPU
		{7A6751F8-FFAC-4655-9DBF-15F337479556}.Release|Any CPU.ActiveCfg = Release|Any CPU
		{7A6751F8-FFAC-4655-9DBF-15F337479556}.Release|Any CPU.Build.0 = Release|Any CPU
	EndGlobalSection
	GlobalSection(SolutionProperties) = preSolution
		HideSolutionNode = FALSE
	EndGlobalSection
	GlobalSection(ExtensibilityGlobals) = postSolution
		SolutionGuid = {60062D25-0EE5-4CA2-AD10-1A05FB0E0630}
	EndGlobalSection
EndGlobal
